hash: c09720813ddcbb25025c663fe337d3982ed05c47eb869f077209ae64d81cd6a7
updated: 2018-09-03T04:51:40.665092926+08:00
imports:
- name: github.com/astaxie/beego
  version: 053a075344c118a5cc41981b29ef612bb53d20ca
  subpackages:
  - config
- name: github.com/davecgh/go-spew
  version: d8f796af33cc11cb798c1aaeb27a4ebc5099927d
  subpackages:
  - spew
- name: github.com/dgrijalva/jwt-go
  version: 06ea1031745cb8b3dab3f6a236daf2b0aa468b7e
- name: github.com/eapache/go-resiliency
  version: ea41b0fad31007accc7f806884dcdf3da98b79ce
  subpackages:
  - breaker
- name: github.com/eapache/go-xerial-snappy
  version: 776d5712da21bc4762676d614db1d8a64f4238b0
- name: github.com/eapache/queue
  version: 093482f3f8ce946c05bcba64badd2c82369e084d
- name: github.com/fsnotify/fsnotify
  version: ccc981bf80385c528a65fbfdd49bf2d8da22aa23
- name: github.com/garyburd/redigo
  version: 8873b2f1995f59d4bcdd2b0dc9858e2cb9bf0c13
  subpackages:
  - internal
  - redis
- name: github.com/go-sql-driver/mysql
  version: d523deb1b23d913de5bdada721a6071e71283618
- name: github.com/golang/snappy
  version: 2e65f85255dbc3072edf28d6b5b8efc472979f5a
- name: github.com/gorilla/context
  version: 08b5f424b9271eedf6f9f0ce86cb9396ed337a42
- name: github.com/gorilla/mux
  version: e3702bed27f0d39777b0b37b664b6280e8ef8fbf
- name: github.com/hashicorp/hcl
  version: 8cb6e5b959231cc1119e43259c4a608f9c51a241
  subpackages:
  - hcl/ast
  - hcl/parser
  - hcl/printer
  - hcl/scanner
  - hcl/strconv
  - hcl/token
  - json/parser
  - json/scanner
  - json/token
- name: github.com/jcuga/golongpoll
  version: 645f5b7692d8f02ab5537866ae04a00478e91e97
- name: github.com/magiconair/properties
  version: c2353362d570a7bfa228149c62842019201cfb71
- name: github.com/mattn/go-sqlite3
  version: 25ecb14adfc7543176f7d85291ec7dba82c6f7e4
- name: github.com/mitchellh/mapstructure
  version: fa473d140ef3c6adf42d6b391fe76707f1f243c8
- name: github.com/nu7hatch/gouuid
  version: 179d4d0c4d8d407a32af483c2354df1d2c91e6c3
- name: github.com/pelletier/go-toml
  version: c2dbbc24a97911339e01bda0b8cabdbd8f13b602
- name: github.com/pierrec/lz4
  version: ea731401f5c95a8ba30f15787e5e0fb77c60c66b
  subpackages:
  - internal/xxh32
- name: github.com/rcrowley/go-metrics
  version: e2704e165165ec55d062f5919b4b29494e9fa790
- name: github.com/Shopify/sarama
  version: 35324cf48e33d8260e1c7c18854465a904ade249
- name: github.com/Sirupsen/logrus
  version: 3e01752db0189b9157070a0e1668a620f9a85da2
- name: github.com/spf13/afero
  version: 787d034dfe70e44075ccc060d346146ef53270ad
  subpackages:
  - mem
- name: github.com/spf13/cast
  version: 8965335b8c7107321228e3e3702cab9832751bac
- name: github.com/spf13/jwalterweatherman
  version: 14d3d4c518341bea657dd8a226f5121c0ff8c9f2
- name: github.com/spf13/pflag
  version: 298182f68c66c05229eb03ac171abe6e309ee79a
- name: github.com/spf13/viper
  version: 907c19d40d9a6c9bb55f040ff4ae45271a4754b9
- name: golang.org/x/crypto
  version: 182538f80094b6a8efaade63a8fd8e0d9d5843dd
  subpackages:
  - bcrypt
  - blowfish
  - ssh/terminal
- name: golang.org/x/sys
  version: fa5fdf94c78965f1aa8423f0cc50b8b8d728b05a
  subpackages:
  - unix
  - windows
- name: golang.org/x/text
  version: 6e3c4e7365ddcc329f090f96e4348398f6310088
  subpackages:
  - transform
  - unicode/norm
- name: google.golang.org/appengine
  version: 03cac3b07182cfb08c0d0c0b6ee72a1ceb151c92
  subpackages:
  - cloudsql
- name: gopkg.in/gorp.v1
  version: 4df78490a9aa9a78b9b02b0c913df8dc1954faee
- name: gopkg.in/mgo.v2
  version: 9856a29383ce1c59f308dd1cf0363a79b5bef6b5
  subpackages:
  - bson
  - internal/json
  - internal/sasl
  - internal/scram
- name: gopkg.in/yaml.v2
  version: 5420a8b6744d3b0345ab293f6fcba19c978f1183
testImports: []
